
Microsoft Visual Studio Solution File, Format Version 12.00
# Visual Studio 15
VisualStudioVersion = 15.0.26730.16
MinimumVisualStudioVersion = 10.0.40219.1
Project("{FAE04EC0-301F-11D3-BF4B-00C04F79EFBC}") = "Journal", "Journal\Journal.csproj", "{B94A4857-80D0-4826-8352-7F4C5E221069}"
EndProject
Global
	GlobalSection(SolutionConfigurationPlatforms) = preSolution
		Debug|Any CPU = Debug|Any CPU
		Release|Any CPU = Release|Any CPU
	EndGlobalSection
	GlobalSection(ProjectConfigurationPlatforms) = postSolution
		{B94A4857-80D0-4826-8352-7F4C5E221069}.Debug|Any CPU.ActiveCfg = Debug|Any CPU
		{B94A4857-80D0-4826-8352-7F4C5E221069}.Debug|Any CPU.Build.0 = Debug|Any CPU
		{B94A4857-80D0-4826-8352-7F4C5E221069}.Release|Any CPU.ActiveCfg = Release|Any CPU
		{B94A4857-80D0-4826-8352-7F4C5E221069}.Release|Any CPU.Build.0 = Release|Any CPU
	EndGlobalSection
	GlobalSection(SolutionProperties) = preSolution
		HideSolutionNode = FALSE
	EndGlobalSection
	GlobalSection(ExtensibilityGlobals) = postSolution
		SolutionGuid = {7C88F480-9FB4-4997-B1AE-4EC2DCDD2908}
	EndGlobalSection
EndGlobal
